
Microsoft Visual Studio Solution File, Format Version 12.00
# Visual Studio Version 17
VisualStudioVersion = 17.1.32210.238
MinimumVisualStudioVersion = 10.0.40219.1
Project("{FAE04EC0-301F-11D3-BF4B-00C04F79EFBC}") = "myCalculator", "myCalculator.csproj", "{226DEC73-D46D-4A56-BE0E-8B764268F031}"
EndProject
Global
	GlobalSection(SolutionConfigurationPlatforms) = preSolution
		Debug|Any CPU = Debug|Any CPU
		Release|Any CPU = Release|Any CPU
	EndGlobalSection
	GlobalSection(ProjectConfigurationPlatforms) = postSolution
		{226DEC73-D46D-4A56-BE0E-8B764268F031}.Debug|Any CPU.ActiveCfg = Debug|Any CPU
		{226DEC73-D46D-4A56-BE0E-8B764268F031}.Debug|Any CPU.Build.0 = Debug|Any CPU
		{226DEC73-D46D-4A56-BE0E-8B764268F031}.Release|Any CPU.ActiveCfg = Release|Any CPU
		{226DEC73-D46D-4A56-BE0E-8B764268F031}.Release|Any CPU.Build.0 = Release|Any CPU
	EndGlobalSection
	GlobalSection(SolutionProperties) = preSolution
		HideSolutionNode = FALSE
	EndGlobalSection
	GlobalSection(ExtensibilityGlobals) = postSolution
		SolutionGuid = {E3BD73BB-78FE-47CA-8385-1521463B0016}
	EndGlobalSection
EndGlobal
